Microsoft Visual Studio Solution File, Format Version 12.00
# Visual Studio Version 17
VisualStudioVersion = 17.14.36518.9
MinimumVisualStudioVersion = 10.0.40219.1
Project("{9A19103F-16F7-4668-BE54-9A1E7A4F7556F}") = "Vergeo2D.Mesh", "Vergeo2D.Mesh.csproj", "{F92113E6-9E1E-7B23-9011-C5165ACF85ED}"
EndProject
Project("{9A19103F-16F7-4668-BE54-9A1E7A4F7556F}") = "Vergeo2D.Mesh.TestApp", "test\Vergeo2D.Mesh.TestApp\Vergeo2D.Mesh.TestApp.csproj", "{CFBA0283-C6EC-491B-A9AE-1335975406CB}"
EndProject
Global
	GlobalSection(SolutionConfigurationPlatforms) = preSolution
		Debug|AnyCPU = Debug|AnyCPU
		Release|AnyCPU = Release|AnyCPU
	EndGlobalSection
	GlobalSection(ProjectConfigurationPlatforms) = postSolution
		{F92113E6-9E1E-7B23-9011-C5165ACF85ED}.Debug|AnyCPU.ActiveCfg = Debug|AnyCPU
		{F92113E6-9E1E-7B23-9011-C5165ACF85ED}.Debug|AnyCPU.Build.0 = Debug|AnyCPU
		{F92113E6-9E1E-7B23-9011-C5165ACF85ED}.Release|AnyCPU.ActiveCfg = Release|AnyCPU
		{F92113E6-9E1E-7B23-9011-C5165ACF85ED}.Release|AnyCPU.Build.0 = Release|AnyCPU
		{CFBA0283-C6EC-491B-A9AE-1335975406CB}.Debug|AnyCPU.ActiveCfg = Debug|AnyCPU
		{CFBA0283-C6EC-491B-A9AE-1335975406CB}.Debug|AnyCPU.Build.0 = Debug|AnyCPU
		{CFBA0283-C6EC-491B-A9AE-1335975406CB}.Release|AnyCPU.ActiveCfg = Release|AnyCPU
		{CFBA0283-C6EC-491B-A9AE-1335975406CB}.Release|AnyCPU.Build.0 = Release|AnyCPU
	EndGlobalSection
	GlobalSection(SolutionProperties) = preSolution
		HideSolutionNode = FALSE
	EndGlobalSection
	GlobalSection(ExtensibilityGlobals) = postSolution
		SolutionGuid = {9E27453B-C167-473C-BBE1-E905E1F583BD}
	EndGlobalSection
EndGlobal
